
Microsoft Visual Studio Solution File, Format Version 12.00
# Visual Studio Version 17
VisualStudioVersion = 17.7.34009.444
MinimumVisualStudioVersion = 10.0.40219.1
Project("{FAE04EC0-301F-11D3-BF4B-00C04F79EFBC}") = "Parcial2_Albitre_Maite", "Parcial2_Albitre_Maite\Parcial2_Albitre_Maite.csproj", "{B6388910-2553-4069-8A58-A2FAC465159C}"
EndProject
Global
	GlobalSection(SolutionConfigurationPlatforms) = preSolution
		Debug|Any CPU = Debug|Any CPU
		Release|Any CPU = Release|Any CPU
	EndGlobalSection
	GlobalSection(ProjectConfigurationPlatforms) = postSolution
		{B6388910-2553-4069-8A58-A2FAC465159C}.Debug|Any CPU.ActiveCfg = Debug|Any CPU
		{B6388910-2553-4069-8A58-A2FAC465159C}.Debug|Any CPU.Build.0 = Debug|Any CPU
		{B6388910-2553-4069-8A58-A2FAC465159C}.Release|Any CPU.ActiveCfg = Release|Any CPU
		{B6388910-2553-4069-8A58-A2FAC465159C}.Release|Any CPU.Build.0 = Release|Any CPU
	EndGlobalSection
	GlobalSection(SolutionProperties) = preSolution
		HideSolutionNode = FALSE
	EndGlobalSection
	GlobalSection(ExtensibilityGlobals) = postSolution
		SolutionGuid = {CEA0902B-954C-4004-B6DE-9D3EA1BD7F19}
	EndGlobalSection
EndGlobal
